
Microsoft Visual Studio Solution File, Format Version 12.00
# Visual Studio Version 17
VisualStudioVersion = 17.5.33627.172
MinimumVisualStudioVersion = 10.0.40219.1
Project("{FAE04EC0-301F-11D3-BF4B-00C04F79EFBC}") = "000000", "000000\000000.csproj", "{A8E87AB8-461F-477D-AB7B-11E0F1392813}"
EndProject
Global
	GlobalSection(SolutionConfigurationPlatforms) = preSolution
		Debug|Any CPU = Debug|Any CPU
		Release|Any CPU = Release|Any CPU
	EndGlobalSection
	GlobalSection(ProjectConfigurationPlatforms) = postSolution
		{A8E87AB8-461F-477D-AB7B-11E0F1392813}.Debug|Any CPU.ActiveCfg = Debug|Any CPU
		{A8E87AB8-461F-477D-AB7B-11E0F1392813}.Debug|Any CPU.Build.0 = Debug|Any CPU
		{A8E87AB8-461F-477D-AB7B-11E0F1392813}.Release|Any CPU.ActiveCfg = Release|Any CPU
		{A8E87AB8-461F-477D-AB7B-11E0F1392813}.Release|Any CPU.Build.0 = Release|Any CPU
	EndGlobalSection
	GlobalSection(SolutionProperties) = preSolution
		HideSolutionNode = FALSE
	EndGlobalSection
	GlobalSection(ExtensibilityGlobals) = postSolution
		SolutionGuid = {24A7308F-A796-48CE-9C5F-1203C4FD051C}
	EndGlobalSection
EndGlobal
